
Microsoft Visual Studio Solution File, Format Version 12.00
# Visual Studio Version 17
VisualStudioVersion = 17.7.34221.43
MinimumVisualStudioVersion = 10.0.40219.1
Project("{8BC9CEB8-8B4A-11D0-8D11-00A0C91BC942}") = "冒泡排序plus", "冒泡排序plus.vcxproj", "{810817AA-CCDE-4B62-A126-CC7D4228DBAE}"
EndProject
Global
	GlobalSection(SolutionConfigurationPlatforms) = preSolution
		Debug|x64 = Debug|x64
		Debug|x86 = Debug|x86
		Release|x64 = Release|x64
		Release|x86 = Release|x86
	EndGlobalSection
	GlobalSection(ProjectConfigurationPlatforms) = postSolution
		{810817AA-CCDE-4B62-A126-CC7D4228DBAE}.Debug|x64.ActiveCfg = Debug|x64
		{810817AA-CCDE-4B62-A126-CC7D4228DBAE}.Debug|x64.Build.0 = Debug|x64
		{810817AA-CCDE-4B62-A126-CC7D4228DBAE}.Debug|x86.ActiveCfg = Debug|Win32
		{810817AA-CCDE-4B62-A126-CC7D4228DBAE}.Debug|x86.Build.0 = Debug|Win32
		{810817AA-CCDE-4B62-A126-CC7D4228DBAE}.Release|x64.ActiveCfg = Release|x64
		{810817AA-CCDE-4B62-A126-CC7D4228DBAE}.Release|x64.Build.0 = Release|x64
		{810817AA-CCDE-4B62-A126-CC7D4228DBAE}.Release|x86.ActiveCfg = Release|Win32
		{810817AA-CCDE-4B62-A126-CC7D4228DBAE}.Release|x86.Build.0 = Release|Win32
	EndGlobalSection
	GlobalSection(SolutionProperties) = preSolution
		HideSolutionNode = FALSE
	EndGlobalSection
	GlobalSection(ExtensibilityGlobals) = postSolution
		SolutionGuid = {8A626CF5-CDA6-44FB-88FD-EE32F6CC9AC8}
	EndGlobalSection
EndGlobal
